// !$*UTF8*$!
{
	archiveVersion = 1;
	classes = {
	};
	objectVersion = 55;
	objects = {

/* Begin PBXBuildFile section */
		7143683228401D8100D6A98E /* EventDetails.swift in Sources */ = {isa = PBXBuildFile; fileRef = 7143683128401D8100D6A98E /* EventDetails.swift */; };
		714368352840258700D6A98E /* URLImageDetail.swift in Sources */ = {isa = PBXBuildFile; fileRef = 714368342840258700D6A98E /* URLImageDetail.swift */; };
		71436837284025B900D6A98E /* URLImage.swift in Sources */ = {isa = PBXBuildFile; fileRef = 71436836284025B900D6A98E /* URLImage.swift */; };
		71CF512D283EDDB800D0EF36 /* Search_UpApp.swift in Sources */ = {isa = PBXBuildFile; fileRef = 71CF512C283EDDB800D0EF36 /* Search_UpApp.swift */; };
		71CF512F283EDDB800D0EF36 /* ContentView.swift in Sources */ = {isa = PBXBuildFile; fileRef = 71CF512E283EDDB800D0EF36 /* ContentView.swift */; };
		71CF5131283EDDBC00D0EF36 /* Assets.xcassets in Resources */ = {isa = PBXBuildFile; fileRef = 71CF5130283EDDBC00D0EF36 /* Assets.xcassets */; };
		71CF5134283EDDBC00D0EF36 /* Preview Assets.xcassets in Resources */ = {isa = PBXBuildFile; fileRef = 71CF5133283EDDBC00D0EF36 /* Preview Assets.xcassets */; };
		71CF513B283EE10A00D0EF36 /* ViewModel.swift in Sources */ = {isa = PBXBuildFile; fileRef = 71CF513A283EE10A00D0EF36 /* ViewModel.swift */; };
		71CF513F283FA4EE00D0EF36 /* SearchBar.swift in Sources */ = {isa = PBXBuildFile; fileRef = 71CF513E283FA4ED00D0EF36 /* SearchBar.swift */; };
		71CF5142283FAA6B00D0EF36 /* UIApplication.swift in Sources */ = {isa = PBXBuildFile; fileRef = 71CF5141283FAA6B00D0EF36 /* UIApplication.swift */; };
		71CF5144283FBC2B00D0EF36 /* EventCardView.swift in Sources */ = {isa = PBXBuildFile; fileRef = 71CF5143283FBC2B00D0EF36 /* EventCardView.swift */; };
/* End PBXBuildFile section */

/* Begin PBXFileReference section */
		7143683128401D8100D6A98E /* EventDetails.swift */ = {isa = PBXFileReference; lastKnownFileType = sourcecode.swift; path = EventDetails.swift; sourceTree = "<group>"; };
		714368342840258700D6A98E /* URLImageDetail.swift */ = {isa = PBXFileReference; lastKnownFileType = sourcecode.swift; path = URLImageDetail.swift; sourceTree = "<group>"; };
		71436836284025B900D6A98E /* URLImage.swift */ = {isa = PBXFileReference; lastKnownFileType = sourcecode.swift; path = URLImage.swift; sourceTree = "<group>"; };
		71CF5129283EDDB800D0EF36 /* Search Up.app */ = {isa = PBXFileReference; explicitFileType = wrapper.application; includeInIndex = 0; path = "Search Up.app"; sourceTree = BUILT_PRODUCTS_DIR; };
		71CF512C283EDDB800D0EF36 /* Search_UpApp.swift */ = {isa = PBXFileReference; lastKnownFileType = sourcecode.swift; path = Search_UpApp.swift; sourceTree = "<group>"; };
		71CF512E283EDDB800D0EF36 /* ContentView.swift */ = {isa = PBXFileReference; lastKnownFileType = sourcecode.swift; path = ContentView.swift; sourceTree = "<group>"; };
		71CF5130283EDDBC00D0EF36 /* Assets.xcassets */ = {isa = PBXFileReference; lastKnownFileType = folder.assetcatalog; path = Assets.xcassets; sourceTree = "<group>"; };
		71CF5133283EDDBC00D0EF36 /* Preview Assets.xcassets */ = {isa = PBXFileReference; lastKnownFileType = folder.assetcatalog; path = "Preview Assets.xcassets"; sourceTree = "<group>"; };
		71CF513A283EE10A00D0EF36 /* ViewModel.swift */ = {isa = PBXFileReference; lastKnownFileType = sourcecode.swift; path = ViewModel.swift; sourceTree = "<group>"; };
		71CF513E283FA4ED00D0EF36 /* SearchBar.swift */ = {isa = PBXFileReference; lastKnownFileType = sourcecode.swift; path = SearchBar.swift; sourceTree = "<group>"; };
		71CF5141283FAA6B00D0EF36 /* UIApplication.swift */ = {isa = PBXFileReference; lastKnownFileType = sourcecode.swift; path = UIApplication.swift; sourceTree = "<group>"; };
		71CF5143283FBC2B00D0EF36 /* EventCardView.swift */ = {isa = PBXFileReference; lastKnownFileType = sourcecode.swift; path = EventCardView.swift; sourceTree = "<group>"; };
/* End PBXFileReference section */

/* Begin PBXFrameworksBuildPhase section */
		71CF5126283EDDB800D0EF36 /* Frameworks */ = {
			isa = PBXFrameworksBuildPhase;
			buildActionMask = 2147483647;
			files = (
			);
			runOnlyForDeploymentPostprocessing = 0;
		};
/* End PBXFrameworksBuildPhase section */

/* Begin PBXGroup section */
		714368332840257000D6A98E /* Helper Files */ = {
			isa = PBXGroup;
			children = (
				714368342840258700D6A98E /* URLImageDetail.swift */,
				71436836284025B900D6A98E /* URLImage.swift */,
			);
			path = "Helper Files";
			sourceTree = "<group>";
		};
		71CF5120283EDDB800D0EF36 = {
			isa = PBXGroup;
			children = (
				71CF512B283EDDB800D0EF36 /* Search Up */,
				71CF512A283EDDB800D0EF36 /* Products */,
			);
			sourceTree = "<group>";
		};
		71CF512A283EDDB800D0EF36 /* Products */ = {
			isa = PBXGroup;
			children = (
				71CF5129283EDDB800D0EF36 /* Search Up.app */,
			);
			name = Products;
			sourceTree = "<group>";
		};
		71CF512B283EDDB800D0EF36 /* Search Up */ = {
			isa = PBXGroup;
			children = (
				714368332840257000D6A98E /* Helper Files */,
				71CF5140283FAA4E00D0EF36 /* Extensions */,
				71CF512C283EDDB800D0EF36 /* Search_UpApp.swift */,
				71CF512E283EDDB800D0EF36 /* ContentView.swift */,
				71CF5143283FBC2B00D0EF36 /* EventCardView.swift */,
				71CF513E283FA4ED00D0EF36 /* SearchBar.swift */,
				7143683128401D8100D6A98E /* EventDetails.swift */,
				71CF513A283EE10A00D0EF36 /* ViewModel.swift */,
				71CF5130283EDDBC00D0EF36 /* Assets.xcassets */,
				71CF5132283EDDBC00D0EF36 /* Preview Content */,
			);
			path = "Search Up";
			sourceTree = "<group>";
		};
		71CF5132283EDDBC00D0EF36 /* Preview Content */ = {
			isa = PBXGroup;
			children = (
				71CF5133283EDDBC00D0EF36 /* Preview Assets.xcassets */,
			);
			path = "Preview Content";
			sourceTree = "<group>";
		};
		71CF5140283FAA4E00D0EF36 /* Extensions */ = {
			isa = PBXGroup;
			children = (
				71CF5141283FAA6B00D0EF36 /* UIApplication.swift */,
			);
			path = Extensions;
			sourceTree = "<group>";
		};
/* End PBXGroup section */

/* Begin PBXNativeTarget section */
		71CF5128283EDDB800D0EF36 /* Search Up */ = {
			isa = PBXNativeTarget;
			buildConfigurationList = 71CF5137283EDDBC00D0EF36 /* Build configuration list for PBXNativeTarget "Search Up" */;
			buildPhases = (
				71CF5125283EDDB800D0EF36 /* Sources */,
				71CF5126283EDDB800D0EF36 /* Frameworks */,
				71CF5127283EDDB800D0EF36 /* Resources */,
			);
			buildRules = (
			);
			dependencies = (
			);
			name = "Search Up";
			productName = "Search Up";
			productReference = 71CF5129283EDDB800D0EF36 /* Search Up.app */;
			productType = "com.apple.product-type.application";
		};
/* End PBXNativeTarget section */

/* Begin PBXProject section */
		71CF5121283EDDB800D0EF36 /* Project object */ = {
			isa = PBXProject;
			attributes = {
				BuildIndependentTargetsInParallel = 1;
				LastSwiftUpdateCheck = 1340;
				LastUpgradeCheck = 1340;
				TargetAttributes = {
					71CF5128283EDDB800D0EF36 = {
						CreatedOnToolsVersion = 13.4;
					};
				};
			};
			buildConfigurationList = 71CF5124283EDDB800D0EF36 /* Build configuration list for PBXProject "Search Up" */;
			compatibilityVersion = "Xcode 13.0";
			developmentRegion = en;
			hasScannedForEncodings = 0;
			knownRegions = (
				en,
				Base,
			);
			mainGroup = 71CF5120283EDDB800D0EF36;
			productRefGroup = 71CF512A283EDDB800D0EF36 /* Products */;
			projectDirPath = "";
			projectRoot = "";
			targets = (
				71CF5128283EDDB800D0EF36 /* Search Up */,
			);
		};
/* End PBXProject section */

/* Begin PBXResourcesBuildPhase section */
		71CF5127283EDDB800D0EF36 /* Resources */ = {
			isa = PBXResourcesBuildPhase;
			buildActionMask = 2147483647;
			files = (
				71CF5134283EDDBC00D0EF36 /* Preview Assets.xcassets in Resources */,
				71CF5131283EDDBC00D0EF36 /* Assets.xcassets in Resources */,
			);
			runOnlyForDeploymentPostprocessing = 0;
		};
/* End PBXResourcesBuildPhase section */

/* Begin PBXSourcesBuildPhase section */
		71CF5125283EDDB800D0EF36 /* Sources */ = {
			isa = PBXSourcesBuildPhase;
			buildActionMask = 2147483647;
			files = (
				714368352840258700D6A98E /* URLImageDetail.swift in Sources */,
				71CF5144283FBC2B00D0EF36 /* EventCardView.swift in Sources */,
				71CF5142283FAA6B00D0EF36 /* UIApplication.swift in Sources */,
				71436837284025B900D6A98E /* URLImage.swift in Sources */,
				71CF512F283EDDB800D0EF36 /* ContentView.swift in Sources */,
				71CF513F283FA4EE00D0EF36 /* SearchBar.swift in Sources */,
				7143683228401D8100D6A98E /* EventDetails.swift in Sources */,
				71CF513B283EE10A00D0EF36 /* ViewModel.swift in Sources */,
				71CF512D283EDDB800D0EF36 /* Search_UpApp.swift in Sources */,
			);
			runOnlyForDeploymentPostprocessing = 0;
		};
/* End PBXSourcesBuildPhase section */

/* Begin XCBuildConfiguration section */
		71CF5135283EDDBC00D0EF36 /* Debug */ = {
			isa = XCBuildConfiguration;
			buildSettings = {
				ALWAYS_SEARCH_USER_PATHS = NO;
				CLANG_ANALYZER_NONNULL = YES;
				CLANG_ANALYZER_NUMBER_OBJECT_CONVERSION = YES_AGGRESSIVE;
				CLANG_CXX_LANGUAGE_STANDARD = "gnu++17";
				CLANG_ENABLE_MODULES = YES;
				CLANG_ENABLE_OBJC_ARC = YES;
				CLANG_ENABLE_OBJC_WEAK = YES;
				CLANG_WARN_BLOCK_CAPTURE_AUTORELEASING = YES;
				CLANG_WARN_BOOL_CONVERSION = YES;
				CLANG_WARN_COMMA = YES;
				CLANG_WARN_CONSTANT_CONVERSION = YES;
				CLANG_WARN_DEPRECATED_OBJC_IMPLEMENTATIONS = YES;
				CLANG_WARN_DIRECT_OBJC_ISA_USAGE = YES_ERROR;
				CLANG_WARN_DOCUMENTATION_COMMENTS = YES;
				CLANG_WARN_EMPTY_BODY = YES;
				CLANG_WARN_ENUM_CONVERSION = YES;
				CLANG_WARN_INFINITE_RECURSION = YES;
				CLANG_WARN_INT_CONVERSION = YES;
				CLANG_WARN_NON_LITERAL_NULL_CONVERSION = YES;
				CLANG_WARN_OBJC_IMPLICIT_RETAIN_SELF = YES;
				CLANG_WARN_OBJC_LITERAL_CONVERSION = YES;
				CLANG_WARN_OBJC_ROOT_CLASS = YES_ERROR;
				CLANG_WARN_QUOTED_INCLUDE_IN_FRAMEWORK_HEADER = YES;
				CLANG_WARN_RANGE_LOOP_ANALYSIS = YES;
				CLANG_WARN_STRICT_PROTOTYPES = YES;
				CLANG_WARN_SUSPICIOUS_MOVE = YES;
				CLANG_WARN_UNGUARDED_AVAILABILITY = YES_AGGRESSIVE;
				CLANG_WARN_UNREACHABLE_CODE = YES;
				CLANG_WARN__DUPLICATE_METHOD_MATCH = YES;
				COPY_PHASE_STRIP = NO;
				DEBUG_INFORMATION_FORMAT = dwarf;
				ENABLE_STRICT_OBJC_MSGSEND = YES;
				ENABLE_TESTABILITY = YES;
				GCC_C_LANGUAGE_STANDARD = gnu11;
				GCC_DYNAMIC_NO_PIC = NO;
				GCC_NO_COMMON_BLOCKS = YES;
				GCC_OPTIMIZATION_LEVEL = 0;
				GCC_PREPROCESSOR_DEFINITIONS = (
					"DEBUG=1",
					"$(inherited)",
				);
				GCC_WARN_64_TO_32_BIT_CONVERSION = YES;
				GCC_WARN_ABOUT_RETURN_TYPE = YES_ERROR;
				GCC_WARN_UNDECLARED_SELECTOR = YES;
				GCC_WARN_UNINITIALIZED_AUTOS = YES_AGGRESSIVE;
				GCC_WARN_UNUSED_FUNCTION = YES;
				GCC_WARN_UNUSED_VARIABLE = YES;
				IPHONEOS_DEPLOYMENT_TARGET = 15.4;
				MTL_ENABLE_DEBUG_INFO = INCLUDE_SOURCE;
				MTL_FAST_MATH = YES;
				ONLY_ACTIVE_ARCH = YES;
				SDKROOT = iphoneos;
				SWIFT_ACTIVE_COMPILATION_CONDITIONS = DEBUG;
				SWIFT_OPTIMIZATION_LEVEL = "-Onone";
			};
			name = Debug;
		};
		71CF5136283EDDBC00D0EF36 /* Release */ = {
			isa = XCBuildConfiguration;
			buildSettings = {
				ALWAYS_SEARCH_USER_PATHS = NO;
				CLANG_ANALYZER_NONNULL = YES;
				CLANG_ANALYZER_NUMBER_OBJECT_CONVERSION = YES_AGGRESSIVE;
				CLANG_CXX_LANGUAGE_STANDARD = "gnu++17";
				CLANG_ENABLE_MODULES = YES;
				CLANG_ENABLE_OBJC_ARC = YES;
				CLANG_ENABLE_OBJC_WEAK = YES;
				CLANG_WARN_BLOCK_CAPTURE_AUTORELEASING = YES;
				CLANG_WARN_BOOL_CONVERSION = YES;
				CLANG_WARN_COMMA = YES;
				CLANG_WARN_CONSTANT_CONVERSION = YES;
				CLANG_WARN_DEPRECATED_OBJC_IMPLEMENTATIONS = YES;
				CLANG_WARN_DIRECT_OBJC_ISA_USAGE = YES_ERROR;
				CLANG_WARN_DOCUMENTATION_COMMENTS = YES;
				CLANG_WARN_EMPTY_BODY = YES;
				CLANG_WARN_ENUM_CONVERSION = YES;
				CLANG_WARN_INFINITE_RECURSION = YES;
				CLANG_WARN_INT_CONVERSION = YES;
				CLANG_WARN_NON_LITERAL_NULL_CONVERSION = YES;
				CLANG_WARN_OBJC_IMPLICIT_RETAIN_SELF = YES;
				CLANG_WARN_OBJC_LITERAL_CONVERSION = YES;
				CLANG_WARN_OBJC_ROOT_CLASS = YES_ERROR;
				CLANG_WARN_QUOTED_INCLUDE_IN_FRAMEWORK_HEADER = YES;
				CLANG_WARN_RANGE_LOOP_ANALYSIS = YES;
				CLANG_WARN_STRICT_PROTOTYPES = YES;
				CLANG_WARN_SUSPICIOUS_MOVE = YES;
				CLANG_WARN_UNGUARDED_AVAILABILITY = YES_AGGRESSIVE;
				CLANG_WARN_UNREACHABLE_CODE = YES;
				CLANG_WARN__DUPLICATE_METHOD_MATCH = YES;
				COPY_PHASE_STRIP = NO;
				DEBUG_INFORMATION_FORMAT = "dwarf-with-dsym";
				ENABLE_NS_ASSERTIONS = NO;
				ENABLE_STRICT_OBJC_MSGSEND = YES;
				GCC_C_LANGUAGE_STANDARD = gnu11;
				GCC_NO_COMMON_BLOCKS = YES;
				GCC_WARN_64_TO_32_BIT_CONVERSION = YES;
				GCC_WARN_ABOUT_RETURN_TYPE = YES_ERROR;
				GCC_WARN_UNDECLARED_SELECTOR = YES;
				GCC_WARN_UNINITIALIZED_AUTOS = YES_AGGRESSIVE;
				GCC_WARN_UNUSED_FUNCTION = YES;
				GCC_WARN_UNUSED_VARIABLE = YES;
				IPHONEOS_DEPLOYMENT_TARGET = 15.4;
				MTL_ENABLE_DEBUG_INFO = NO;
				MTL_FAST_MATH = YES;
				SDKROOT = iphoneos;
				SWIFT_COMPILATION_MODE = wholemodule;
				SWIFT_OPTIMIZATION_LEVEL = "-O";
				VALIDATE_PRODUCT = YES;
			};
			name = Release;
		};
		71CF5138283EDDBC00D0EF36 /* Debug */ = {
			isa = XCBuildConfiguration;
			buildSettings = {
				ASSETCATALOG_COMPILER_APPICON_NAME = AppIcon;
				ASSETCATALOG_COMPILER_GLOBAL_ACCENT_COLOR_NAME = AccentColor;
				CODE_SIGN_STYLE = Automatic;
				CURRENT_PROJECT_VERSION = 1;
				DEVELOPMENT_ASSET_PATHS = "\"Search Up/Preview Content\"";
				DEVELOPMENT_TEAM = 6L5289W3RX;
				ENABLE_PREVIEWS = YES;
				GENERATE_INFOPLIST_FILE = YES;
				INFOPLIST_KEY_UIApplicationSceneManifest_Generation = YES;
				INFOPLIST_KEY_UIApplicationSupportsIndirectInputEvents = YES;
				INFOPLIST_KEY_UILaunchScreen_Generation = YES;
				INFOPLIST_KEY_UISupportedInterfaceOrientations_iPad = "UIInterfaceOrientationPortrait UIInterfaceOrientationPortraitUpsideDown UIInterfaceOrientationLandscapeLeft UIInterfaceOrientationLandscapeRight";
				INFOPLIST_KEY_UISupportedInterfaceOrientations_iPhone = "UIInterfaceOrientationPortrait UIInterfaceOrientationLandscapeLeft UIInterfaceOrientationLandscapeRight";
				LD_RUNPATH_SEARCH_PATHS = (
					"$(inherited)",
					"@executable_path/Frameworks",
				);
				MARKETING_VERSION = 1.0;
				PRODUCT_BUNDLE_IDENTIFIER = "russo.Search-Up";
				PRODUCT_NAME = "$(TARGET_NAME)";
				SWIFT_EMIT_LOC_STRINGS = YES;
				SWIFT_VERSION = 5.0;
				TARGETED_DEVICE_FAMILY = "1,2";
			};
			name = Debug;
		};
		71CF5139283EDDBC00D0EF36 /* Release */ = {
			isa = XCBuildConfiguration;
			buildSettings = {
				ASSETCATALOG_COMPILER_APPICON_NAME = AppIcon;
				ASSETCATALOG_COMPILER_GLOBAL_ACCENT_COLOR_NAME = AccentColor;
				CODE_SIGN_STYLE = Automatic;
				CURRENT_PROJECT_VERSION = 1;
				DEVELOPMENT_ASSET_PATHS = "\"Search Up/Preview Content\"";
				DEVELOPMENT_TEAM = 6L5289W3RX;
				ENABLE_PREVIEWS = YES;
				GENERATE_INFOPLIST_FILE = YES;
				INFOPLIST_KEY_UIApplicationSceneManifest_Generation = YES;
				INFOPLIST_KEY_UIApplicationSupportsIndirectInputEvents = YES;
				INFOPLIST_KEY_UILaunchScreen_Generation = YES;
				INFOPLIST_KEY_UISupportedInterfaceOrientations_iPad = "UIInterfaceOrientationPortrait UIInterfaceOrientationPortraitUpsideDown UIInterfaceOrientationLandscapeLeft UIInterfaceOrientationLandscapeRight";
				INFOPLIST_KEY_UISupportedInterfaceOrientations_iPhone = "UIInterfaceOrientationPortrait UIInterfaceOrientationLandscapeLeft UIInterfaceOrientationLandscapeRight";
				LD_RUNPATH_SEARCH_PATHS = (
					"$(inherited)",
					"@executable_path/Frameworks",
				);
				MARKETING_VERSION = 1.0;
				PRODUCT_BUNDLE_IDENTIFIER = "russo.Search-Up";
				PRODUCT_NAME = "$(TARGET_NAME)";
				SWIFT_EMIT_LOC_STRINGS = YES;
				SWIFT_VERSION = 5.0;
				TARGETED_DEVICE_FAMILY = "1,2";
			};
			name = Release;
		};
/* End XCBuildConfiguration section */

/* Begin XCConfigurationList section */
		71CF5124283EDDB800D0EF36 /* Build configuration list for PBXProject "Search Up" */ = {
			isa = XCConfigurationList;
			buildConfigurations = (
				71CF5135283EDDBC00D0EF36 /* Debug */,
				71CF5136283EDDBC00D0EF36 /* Release */,
			);
			defaultConfigurationIsVisible = 0;
			defaultConfigurationName = Release;
		};
		71CF5137283EDDBC00D0EF36 /* Build configuration list for PBXNativeTarget "Search Up" */ = {
			isa = XCConfigurationList;
			buildConfigurations = (
				71CF5138283EDDBC00D0EF36 /* Debug */,
				71CF5139283EDDBC00D0EF36 /* Release */,
			);
			defaultConfigurationIsVisible = 0;
			defaultConfigurationName = Release;
		};
/* End XCConfigurationList section */
	};
	rootObject = 71CF5121283EDDB800D0EF36 /* Project object */;
}
